
Microsoft Visual Studio Solution File, Format Version 12.00
# Visual Studio Version 17
VisualStudioVersion = 17.3.32922.545
MinimumVisualStudioVersion = 10.0.40219.1
Project("{FAE04EC0-301F-11D3-BF4B-00C04F79EFBC}") = "InheritenceAndPoly2", "InheritenceAndPoly2\InheritenceAndPoly2.csproj", "{34411D57-7F93-45B3-8F17-A7E093C0AFF2}"
EndProject
Global
	GlobalSection(SolutionConfigurationPlatforms) = preSolution
		Debug|Any CPU = Debug|Any CPU
		Release|Any CPU = Release|Any CPU
	EndGlobalSection
	GlobalSection(ProjectConfigurationPlatforms) = postSolution
		{34411D57-7F93-45B3-8F17-A7E093C0AFF2}.Debug|Any CPU.ActiveCfg = Debug|Any CPU
		{34411D57-7F93-45B3-8F17-A7E093C0AFF2}.Debug|Any CPU.Build.0 = Debug|Any CPU
		{34411D57-7F93-45B3-8F17-A7E093C0AFF2}.Release|Any CPU.ActiveCfg = Release|Any CPU
		{34411D57-7F93-45B3-8F17-A7E093C0AFF2}.Release|Any CPU.Build.0 = Release|Any CPU
	EndGlobalSection
	GlobalSection(SolutionProperties) = preSolution
		HideSolutionNode = FALSE
	EndGlobalSection
	GlobalSection(ExtensibilityGlobals) = postSolution
		SolutionGuid = {362F36E4-F58B-4560-A0F1-08FCC6FF3064}
	EndGlobalSection
EndGlobal
